
Microsoft Visual Studio Solution File, Format Version 12.00
# Visual Studio Version 16
VisualStudioVersion = 16.0.31727.386
MinimumVisualStudioVersion = 10.0.40219.1
Project("{FAE04EC0-301F-11D3-BF4B-00C04F79EFBC}") = "ProjectAPI", "ProjectAPI\ProjectAPI.csproj", "{219F3295-D016-46A1-BD52-1154C3D91ED2}"
EndProject
Project("{FAE04EC0-301F-11D3-BF4B-00C04F79EFBC}") = "EFContext", "EFContext\EFContext.csproj", "{D193ABFE-95A7-4C25-AC71-F45E35BCE28E}"
EndProject
Project("{FAE04EC0-301F-11D3-BF4B-00C04F79EFBC}") = "Model", "Model\Model.csproj", "{1525A2D0-DE76-45AD-82AB-D5DCC180A88C}"
EndProject
Project("{FAE04EC0-301F-11D3-BF4B-00C04F79EFBC}") = "IRepositorySqlDb", "IRepositorySqlDb\IRepositorySqlDb.csproj", "{2466FBCD-BED9-4167-A369-86F8E59984C0}"
EndProject
Project("{FAE04EC0-301F-11D3-BF4B-00C04F79EFBC}") = "RepositorySqlDb", "RepositorySqlDb\RepositorySqlDb.csproj", "{B12AFFD1-7A93-4111-964C-14847EC758E0}"
EndProject
Project("{FAE04EC0-301F-11D3-BF4B-00C04F79EFBC}") = "IServices", "IServices\IServices.csproj", "{CDA2A051-46A0-4509-B713-36A4AA28633C}"
EndProject
Project("{FAE04EC0-301F-11D3-BF4B-00C04F79EFBC}") = "Services", "Services\Services.csproj", "{EAD4F607-E30B-41EB-A211-F88A4160C753}"
EndProject
Global
	GlobalSection(SolutionConfigurationPlatforms) = preSolution
		Debug|Any CPU = Debug|Any CPU
		Release|Any CPU = Release|Any CPU
	EndGlobalSection
	GlobalSection(ProjectConfigurationPlatforms) = postSolution
		{219F3295-D016-46A1-BD52-1154C3D91ED2}.Debug|Any CPU.ActiveCfg = Debug|Any CPU
		{219F3295-D016-46A1-BD52-1154C3D91ED2}.Debug|Any CPU.Build.0 = Debug|Any CPU
		{219F3295-D016-46A1-BD52-1154C3D91ED2}.Release|Any CPU.ActiveCfg = Release|Any CPU
		{219F3295-D016-46A1-BD52-1154C3D91ED2}.Release|Any CPU.Build.0 = Release|Any CPU
		{D193ABFE-95A7-4C25-AC71-F45E35BCE28E}.Debug|Any CPU.ActiveCfg = Debug|Any CPU
		{D193ABFE-95A7-4C25-AC71-F45E35BCE28E}.Debug|Any CPU.Build.0 = Debug|Any CPU
		{D193ABFE-95A7-4C25-AC71-F45E35BCE28E}.Release|Any CPU.ActiveCfg = Release|Any CPU
		{D193ABFE-95A7-4C25-AC71-F45E35BCE28E}.Release|Any CPU.Build.0 = Release|Any CPU
		{1525A2D0-DE76-45AD-82AB-D5DCC180A88C}.Debug|Any CPU.ActiveCfg = Debug|Any CPU
		{1525A2D0-DE76-45AD-82AB-D5DCC180A88C}.Debug|Any CPU.Build.0 = Debug|Any CPU
		{1525A2D0-DE76-45AD-82AB-D5DCC180A88C}.Release|Any CPU.ActiveCfg = Release|Any CPU
		{1525A2D0-DE76-45AD-82AB-D5DCC180A88C}.Release|Any CPU.Build.0 = Release|Any CPU
		{2466FBCD-BED9-4167-A369-86F8E59984C0}.Debug|Any CPU.ActiveCfg = Debug|Any CPU
		{2466FBCD-BED9-4167-A369-86F8E59984C0}.Debug|Any CPU.Build.0 = Debug|Any CPU
		{2466FBCD-BED9-4167-A369-86F8E59984C0}.Release|Any CPU.ActiveCfg = Release|Any CPU
		{2466FBCD-BED9-4167-A369-86F8E59984C0}.Release|Any CPU.Build.0 = Release|Any CPU
		{B12AFFD1-7A93-4111-964C-14847EC758E0}.Debug|Any CPU.ActiveCfg = Debug|Any CPU
		{B12AFFD1-7A93-4111-964C-14847EC758E0}.Debug|Any CPU.Build.0 = Debug|Any CPU
		{B12AFFD1-7A93-4111-964C-14847EC758E0}.Release|Any CPU.ActiveCfg = Release|Any CPU
		{B12AFFD1-7A93-4111-964C-14847EC758E0}.Release|Any CPU.Build.0 = Release|Any CPU
		{CDA2A051-46A0-4509-B713-36A4AA28633C}.Debug|Any CPU.ActiveCfg = Debug|Any CPU
		{CDA2A051-46A0-4509-B713-36A4AA28633C}.Debug|Any CPU.Build.0 = Debug|Any CPU
		{CDA2A051-46A0-4509-B713-36A4AA28633C}.Release|Any CPU.ActiveCfg = Release|Any CPU
		{CDA2A051-46A0-4509-B713-36A4AA28633C}.Release|Any CPU.Build.0 = Release|Any CPU
		{EAD4F607-E30B-41EB-A211-F88A4160C753}.Debug|Any CPU.ActiveCfg = Debug|Any CPU
		{EAD4F607-E30B-41EB-A211-F88A4160C753}.Debug|Any CPU.Build.0 = Debug|Any CPU
		{EAD4F607-E30B-41EB-A211-F88A4160C753}.Release|Any CPU.ActiveCfg = Release|Any CPU
		{EAD4F607-E30B-41EB-A211-F88A4160C753}.Release|Any CPU.Build.0 = Release|Any CPU
	EndGlobalSection
	GlobalSection(SolutionProperties) = preSolution
		HideSolutionNode = FALSE
	EndGlobalSection
	GlobalSection(ExtensibilityGlobals) = postSolution
		SolutionGuid = {D672BF69-BD1E-4DBA-8145-573093983085}
	EndGlobalSection
EndGlobal
